// !$*UTF8*$!
{
	archiveVersion = 1;
	classes = {
	};
	objectVersion = 51;
	objects = {

/* Begin PBXBuildFile section */
		4264EE2425C423A700FA7300 /* AppDelegate.swift in Sources */ = {isa = PBXBuildFile; fileRef = 4264EE2325C423A700FA7300 /* AppDelegate.swift */; };
		4264EE2625C423A700FA7300 /* SceneDelegate.swift in Sources */ = {isa = PBXBuildFile; fileRef = 4264EE2525C423A700FA7300 /* SceneDelegate.swift */; };
		4264EE2825C423A700FA7300 /* ViewController.swift in Sources */ = {isa = PBXBuildFile; fileRef = 4264EE2725C423A700FA7300 /* ViewController.swift */; };
		4264EE2B25C423A700FA7300 /* Main.storyboard in Resources */ = {isa = PBXBuildFile; fileRef = 4264EE2925C423A700FA7300 /* Main.storyboard */; };
		4264EE2D25C423B300FA7300 /* Assets.xcassets in Resources */ = {isa = PBXBuildFile; fileRef = 4264EE2C25C423B300FA7300 /* Assets.xcassets */; };
		4264EE3025C423B300FA7300 /* LaunchScreen.storyboard in Resources */ = {isa = PBXBuildFile; fileRef = 4264EE2E25C423B300FA7300 /* LaunchScreen.storyboard */; };
		4264EE3E25C4249D00FA7300 /* ServerRequest.swift in Sources */ = {isa = PBXBuildFile; fileRef = 4264EE3D25C4249D00FA7300 /* ServerRequest.swift */; };
		4264EE4125C424F900FA7300 /* ResponseDisplayViewController.swift in Sources */ = {isa = PBXBuildFile; fileRef = 4264EE4025C424F900FA7300 /* ResponseDisplayViewController.swift */; };
		4264EE4825C4279500FA7300 /* Response Model.swift in Sources */ = {isa = PBXBuildFile; fileRef = 4264EE4725C4279500FA7300 /* Response Model.swift */; };
		D8A670AD9891429D1A6D82CA /* Pods_SampleApplication.framework in Frameworks */ = {isa = PBXBuildFile; fileRef = 3D6FCD442BBAA4A840BAE843 /* Pods_SampleApplication.framework */; };
/* End PBXBuildFile section */

/* Begin PBXFileReference section */
		3D6FCD442BBAA4A840BAE843 /* Pods_SampleApplication.framework */ = {isa = PBXFileReference; explicitFileType = wrapper.framework; includeInIndex = 0; path = Pods_SampleApplication.framework; sourceTree = BUILT_PRODUCTS_DIR; };
		4264EE2025C423A700FA7300 /* SampleApplication.app */ = {isa = PBXFileReference; explicitFileType = wrapper.application; includeInIndex = 0; path = SampleApplication.app; sourceTree = BUILT_PRODUCTS_DIR; };
		4264EE2325C423A700FA7300 /* AppDelegate.swift */ = {isa = PBXFileReference; lastKnownFileType = sourcecode.swift; path = AppDelegate.swift; sourceTree = "<group>"; };
		4264EE2525C423A700FA7300 /* SceneDelegate.swift */ = {isa = PBXFileReference; lastKnownFileType = sourcecode.swift; path = SceneDelegate.swift; sourceTree = "<group>"; };
		4264EE2725C423A700FA7300 /* ViewController.swift */ = {isa = PBXFileReference; lastKnownFileType = sourcecode.swift; path = ViewController.swift; sourceTree = "<group>"; };
		4264EE2A25C423A700FA7300 /* Base */ = {isa = PBXFileReference; lastKnownFileType = file.storyboard; name = Base; path = Base.lproj/Main.storyboard; sourceTree = "<group>"; };
		4264EE2C25C423B300FA7300 /* Assets.xcassets */ = {isa = PBXFileReference; lastKnownFileType = folder.assetcatalog; path = Assets.xcassets; sourceTree = "<group>"; };
		4264EE2F25C423B300FA7300 /* Base */ = {isa = PBXFileReference; lastKnownFileType = file.storyboard; name = Base; path = Base.lproj/LaunchScreen.storyboard; sourceTree = "<group>"; };
		4264EE3125C423B300FA7300 /* Info.plist */ = {isa = PBXFileReference; lastKnownFileType = text.plist.xml; path = Info.plist; sourceTree = "<group>"; };
		4264EE3D25C4249D00FA7300 /* ServerRequest.swift */ = {isa = PBXFileReference; lastKnownFileType = sourcecode.swift; path = ServerRequest.swift; sourceTree = "<group>"; };
		4264EE4025C424F900FA7300 /* ResponseDisplayViewController.swift */ = {isa = PBXFileReference; lastKnownFileType = sourcecode.swift; path = ResponseDisplayViewController.swift; sourceTree = "<group>"; };
		4264EE4725C4279500FA7300 /* Response Model.swift */ = {isa = PBXFileReference; lastKnownFileType = sourcecode.swift; path = "Response Model.swift"; sourceTree = "<group>"; };
		9A85B21310E7C55DE6A48F06 /* Pods-SampleApplication.debug.xcconfig */ = {isa = PBXFileReference; includeInIndex = 1; lastKnownFileType = text.xcconfig; name = "Pods-SampleApplication.debug.xcconfig"; path = "Target Support Files/Pods-SampleApplication/Pods-SampleApplication.debug.xcconfig"; sourceTree = "<group>"; };
		FB3AF319ACB802E09CD1BC4D /* Pods-SampleApplication.release.xcconfig */ = {isa = PBXFileReference; includeInIndex = 1; lastKnownFileType = text.xcconfig; name = "Pods-SampleApplication.release.xcconfig"; path = "Target Support Files/Pods-SampleApplication/Pods-SampleApplication.release.xcconfig"; sourceTree = "<group>"; };
/* End PBXFileReference section */

/* Begin PBXFrameworksBuildPhase section */
		4264EE1D25C423A700FA7300 /* Frameworks */ = {
			isa = PBXFrameworksBuildPhase;
			buildActionMask = 2147483647;
			files = (
				D8A670AD9891429D1A6D82CA /* Pods_SampleApplication.framework in Frameworks */,
			);
			runOnlyForDeploymentPostprocessing = 0;
		};
/* End PBXFrameworksBuildPhase section */

/* Begin PBXGroup section */
		4264EE1725C423A700FA7300 = {
			isa = PBXGroup;
			children = (
				4264EE2225C423A700FA7300 /* SampleApplication */,
				4264EE2125C423A700FA7300 /* Products */,
				A87D27854D0D3E6878B63800 /* Pods */,
				8664F2CA4868252FB9E6C555 /* Frameworks */,
			);
			sourceTree = "<group>";
		};
		4264EE2125C423A700FA7300 /* Products */ = {
			isa = PBXGroup;
			children = (
				4264EE2025C423A700FA7300 /* SampleApplication.app */,
			);
			name = Products;
			sourceTree = "<group>";
		};
		4264EE2225C423A700FA7300 /* SampleApplication */ = {
			isa = PBXGroup;
			children = (
				4264EE2325C423A700FA7300 /* AppDelegate.swift */,
				4264EE3D25C4249D00FA7300 /* ServerRequest.swift */,
				4264EE2525C423A700FA7300 /* SceneDelegate.swift */,
				4264EE2725C423A700FA7300 /* ViewController.swift */,
				4264EE4025C424F900FA7300 /* ResponseDisplayViewController.swift */,
				4264EE2925C423A700FA7300 /* Main.storyboard */,
				4264EE2C25C423B300FA7300 /* Assets.xcassets */,
				4264EE2E25C423B300FA7300 /* LaunchScreen.storyboard */,
				4264EE3125C423B300FA7300 /* Info.plist */,
				4264EE4725C4279500FA7300 /* Response Model.swift */,
			);
			path = SampleApplication;
			sourceTree = "<group>";
		};
		8664F2CA4868252FB9E6C555 /* Frameworks */ = {
			isa = PBXGroup;
			children = (
				3D6FCD442BBAA4A840BAE843 /* Pods_SampleApplication.framework */,
			);
			name = Frameworks;
			sourceTree = "<group>";
		};
		A87D27854D0D3E6878B63800 /* Pods */ = {
			isa = PBXGroup;
			children = (
				9A85B21310E7C55DE6A48F06 /* Pods-SampleApplication.debug.xcconfig */,
				FB3AF319ACB802E09CD1BC4D /* Pods-SampleApplication.release.xcconfig */,
			);
			path = Pods;
			sourceTree = "<group>";
		};
/* End PBXGroup section */

/* Begin PBXNativeTarget section */
		4264EE1F25C423A700FA7300 /* SampleApplication */ = {
			isa = PBXNativeTarget;
			buildConfigurationList = 4264EE3425C423B300FA7300 /* Build configuration list for PBXNativeTarget "SampleApplication" */;
			buildPhases = (
				424294B3890B951D52773779 /* [CP] Check Pods Manifest.lock */,
				4264EE1C25C423A700FA7300 /* Sources */,
				4264EE1D25C423A700FA7300 /* Frameworks */,
				4264EE1E25C423A700FA7300 /* Resources */,
				3C356DD1C8A93CF4AAC6BD10 /* [CP] Embed Pods Frameworks */,
			);
			buildRules = (
			);
			dependencies = (
			);
			name = SampleApplication;
			productName = SampleApplication;
			productReference = 4264EE2025C423A700FA7300 /* SampleApplication.app */;
			productType = "com.apple.product-type.application";
		};
/* End PBXNativeTarget section */

/* Begin PBXProject section */
		4264EE1825C423A700FA7300 /* Project object */ = {
			isa = PBXProject;
			attributes = {
				LastSwiftUpdateCheck = 1230;
				LastUpgradeCheck = 1230;
				TargetAttributes = {
					4264EE1F25C423A700FA7300 = {
						CreatedOnToolsVersion = 12.3;
					};
				};
			};
			buildConfigurationList = 4264EE1B25C423A700FA7300 /* Build configuration list for PBXProject "SampleApplication" */;
			compatibilityVersion = "Xcode 9.3";
			developmentRegion = en;
			hasScannedForEncodings = 0;
			knownRegions = (
				en,
				Base,
			);
			mainGroup = 4264EE1725C423A700FA7300;
			productRefGroup = 4264EE2125C423A700FA7300 /* Products */;
			projectDirPath = "";
			projectRoot = "";
			targets = (
				4264EE1F25C423A700FA7300 /* SampleApplication */,
			);
		};
/* End PBXProject section */

/* Begin PBXResourcesBuildPhase section */
		4264EE1E25C423A700FA7300 /* Resources */ = {
			isa = PBXResourcesBuildPhase;
			buildActionMask = 2147483647;
			files = (
				4264EE3025C423B300FA7300 /* LaunchScreen.storyboard in Resources */,
				4264EE2D25C423B300FA7300 /* Assets.xcassets in Resources */,
				4264EE2B25C423A700FA7300 /* Main.storyboard in Resources */,
			);
			runOnlyForDeploymentPostprocessing = 0;
		};
/* End PBXResourcesBuildPhase section */

/* Begin PBXShellScriptBuildPhase section */
		3C356DD1C8A93CF4AAC6BD10 /* [CP] Embed Pods Frameworks */ = {
			isa = PBXShellScriptBuildPhase;
			buildActionMask = 2147483647;
			files = (
			);
			inputFileListPaths = (
				"${PODS_ROOT}/Target Support Files/Pods-SampleApplication/Pods-SampleApplication-frameworks-${CONFIGURATION}-input-files.xcfilelist",
			);
			name = "[CP] Embed Pods Frameworks";
			outputFileListPaths = (
				"${PODS_ROOT}/Target Support Files/Pods-SampleApplication/Pods-SampleApplication-frameworks-${CONFIGURATION}-output-files.xcfilelist",
			);
			runOnlyForDeploymentPostprocessing = 0;
			shellPath = /bin/sh;
			shellScript = "\"${PODS_ROOT}/Target Support Files/Pods-SampleApplication/Pods-SampleApplication-frameworks.sh\"\n";
			showEnvVarsInLog = 0;
		};
		424294B3890B951D52773779 /* [CP] Check Pods Manifest.lock */ = {
			isa = PBXShellScriptBuildPhase;
			buildActionMask = 2147483647;
			files = (
			);
			inputFileListPaths = (
			);
			inputPaths = (
				"${PODS_PODFILE_DIR_PATH}/Podfile.lock",
				"${PODS_ROOT}/Manifest.lock",
			);
			name = "[CP] Check Pods Manifest.lock";
			outputFileListPaths = (
			);
			outputPaths = (
				"$(DERIVED_FILE_DIR)/Pods-SampleApplication-checkManifestLockResult.txt",
			);
			runOnlyForDeploymentPostprocessing = 0;
			shellPath = /bin/sh;
			shellScript = "diff \"${PODS_PODFILE_DIR_PATH}/Podfile.lock\" \"${PODS_ROOT}/Manifest.lock\" > /dev/null\nif [ $? != 0 ] ; then\n    # print error to STDERR\n    echo \"error: The sandbox is not in sync with the Podfile.lock. Run 'pod install' or update your CocoaPods installation.\" >&2\n    exit 1\nfi\n# This output is used by Xcode 'outputs' to avoid re-running this script phase.\necho \"SUCCESS\" > \"${SCRIPT_OUTPUT_FILE_0}\"\n";
			showEnvVarsInLog = 0;
		};
/* End PBXShellScriptBuildPhase section */

/* Begin PBXSourcesBuildPhase section */
		4264EE1C25C423A700FA7300 /* Sources */ = {
			isa = PBXSourcesBuildPhase;
			buildActionMask = 2147483647;
			files = (
				4264EE4125C424F900FA7300 /* ResponseDisplayViewController.swift in Sources */,
				4264EE4825C4279500FA7300 /* Response Model.swift in Sources */,
				4264EE2825C423A700FA7300 /* ViewController.swift in Sources */,
				4264EE2425C423A700FA7300 /* AppDelegate.swift in Sources */,
				4264EE3E25C4249D00FA7300 /* ServerRequest.swift in Sources */,
				4264EE2625C423A700FA7300 /* SceneDelegate.swift in Sources */,
			);
			runOnlyForDeploymentPostprocessing = 0;
		};
/* End PBXSourcesBuildPhase section */

/* Begin PBXVariantGroup section */
		4264EE2925C423A700FA7300 /* Main.storyboard */ = {
			isa = PBXVariantGroup;
			children = (
				4264EE2A25C423A700FA7300 /* Base */,
			);
			name = Main.storyboard;
			sourceTree = "<group>";
		};
		4264EE2E25C423B300FA7300 /* LaunchScreen.storyboard */ = {
			isa = PBXVariantGroup;
			children = (
				4264EE2F25C423B300FA7300 /* Base */,
			);
			name = LaunchScreen.storyboard;
			sourceTree = "<group>";
		};
/* End PBXVariantGroup section */

/* Begin XCBuildConfiguration section */
		4264EE3225C423B300FA7300 /* Debug */ = {
			isa = XCBuildConfiguration;
			buildSettings = {
				ALWAYS_SEARCH_USER_PATHS = NO;
				CLANG_ANALYZER_NONNULL = YES;
				CLANG_ANALYZER_NUMBER_OBJECT_CONVERSION = YES_AGGRESSIVE;
				CLANG_CXX_LANGUAGE_STANDARD = "gnu++14";
				CLANG_CXX_LIBRARY = "libc++";
				CLANG_ENABLE_MODULES = YES;
				CLANG_ENABLE_OBJC_ARC = YES;
				CLANG_ENABLE_OBJC_WEAK = YES;
				CLANG_WARN_BLOCK_CAPTURE_AUTORELEASING = YES;
				CLANG_WARN_BOOL_CONVERSION = YES;
				CLANG_WARN_COMMA = YES;
				CLANG_WARN_CONSTANT_CONVERSION = YES;
				CLANG_WARN_DEPRECATED_OBJC_IMPLEMENTATIONS = YES;
				CLANG_WARN_DIRECT_OBJC_ISA_USAGE = YES_ERROR;
				CLANG_WARN_DOCUMENTATION_COMMENTS = YES;
				CLANG_WARN_EMPTY_BODY = YES;
				CLANG_WARN_ENUM_CONVERSION = YES;
				CLANG_WARN_INFINITE_RECURSION = YES;
				CLANG_WARN_INT_CONVERSION = YES;
				CLANG_WARN_NON_LITERAL_NULL_CONVERSION = YES;
				CLANG_WARN_OBJC_IMPLICIT_RETAIN_SELF = YES;
				CLANG_WARN_OBJC_LITERAL_CONVERSION = YES;
				CLANG_WARN_OBJC_ROOT_CLASS = YES_ERROR;
				CLANG_WARN_QUOTED_INCLUDE_IN_FRAMEWORK_HEADER = YES;
				CLANG_WARN_RANGE_LOOP_ANALYSIS = YES;
				CLANG_WARN_STRICT_PROTOTYPES = YES;
				CLANG_WARN_SUSPICIOUS_MOVE = YES;
				CLANG_WARN_UNGUARDED_AVAILABILITY = YES_AGGRESSIVE;
				CLANG_WARN_UNREACHABLE_CODE = YES;
				CLANG_WARN__DUPLICATE_METHOD_MATCH = YES;
				COPY_PHASE_STRIP = NO;
				DEBUG_INFORMATION_FORMAT = dwarf;
				ENABLE_STRICT_OBJC_MSGSEND = YES;
				ENABLE_TESTABILITY = YES;
				GCC_C_LANGUAGE_STANDARD = gnu11;
				GCC_DYNAMIC_NO_PIC = NO;
				GCC_NO_COMMON_BLOCKS = YES;
				GCC_OPTIMIZATION_LEVEL = 0;
				GCC_PREPROCESSOR_DEFINITIONS = (
					"DEBUG=1",
					"$(inherited)",
				);
				GCC_WARN_64_TO_32_BIT_CONVERSION = YES;
				GCC_WARN_ABOUT_RETURN_TYPE = YES_ERROR;
				GCC_WARN_UNDECLARED_SELECTOR = YES;
				GCC_WARN_UNINITIALIZED_AUTOS = YES_AGGRESSIVE;
				GCC_WARN_UNUSED_FUNCTION = YES;
				GCC_WARN_UNUSED_VARIABLE = YES;
				IPHONEOS_DEPLOYMENT_TARGET = 14.3;
				MTL_ENABLE_DEBUG_INFO = INCLUDE_SOURCE;
				MTL_FAST_MATH = YES;
				ONLY_ACTIVE_ARCH = YES;
				SDKROOT = iphoneos;
				SWIFT_ACTIVE_COMPILATION_CONDITIONS = DEBUG;
				SWIFT_OPTIMIZATION_LEVEL = "-Onone";
			};
			name = Debug;
		};
		4264EE3325C423B300FA7300 /* Release */ = {
			isa = XCBuildConfiguration;
			buildSettings = {
				ALWAYS_SEARCH_USER_PATHS = NO;
				CLANG_ANALYZER_NONNULL = YES;
				CLANG_ANALYZER_NUMBER_OBJECT_CONVERSION = YES_AGGRESSIVE;
				CLANG_CXX_LANGUAGE_STANDARD = "gnu++14";
				CLANG_CXX_LIBRARY = "libc++";
				CLANG_ENABLE_MODULES = YES;
				CLANG_ENABLE_OBJC_ARC = YES;
				CLANG_ENABLE_OBJC_WEAK = YES;
				CLANG_WARN_BLOCK_CAPTURE_AUTORELEASING = YES;
				CLANG_WARN_BOOL_CONVERSION = YES;
				CLANG_WARN_COMMA = YES;
				CLANG_WARN_CONSTANT_CONVERSION = YES;
				CLANG_WARN_DEPRECATED_OBJC_IMPLEMENTATIONS = YES;
				CLANG_WARN_DIRECT_OBJC_ISA_USAGE = YES_ERROR;
				CLANG_WARN_DOCUMENTATION_COMMENTS = YES;
				CLANG_WARN_EMPTY_BODY = YES;
				CLANG_WARN_ENUM_CONVERSION = YES;
				CLANG_WARN_INFINITE_RECURSION = YES;
				CLANG_WARN_INT_CONVERSION = YES;
				CLANG_WARN_NON_LITERAL_NULL_CONVERSION = YES;
				CLANG_WARN_OBJC_IMPLICIT_RETAIN_SELF = YES;
				CLANG_WARN_OBJC_LITERAL_CONVERSION = YES;
				CLANG_WARN_OBJC_ROOT_CLASS = YES_ERROR;
				CLANG_WARN_QUOTED_INCLUDE_IN_FRAMEWORK_HEADER = YES;
				CLANG_WARN_RANGE_LOOP_ANALYSIS = YES;
				CLANG_WARN_STRICT_PROTOTYPES = YES;
				CLANG_WARN_SUSPICIOUS_MOVE = YES;
				CLANG_WARN_UNGUARDED_AVAILABILITY = YES_AGGRESSIVE;
				CLANG_WARN_UNREACHABLE_CODE = YES;
				CLANG_WARN__DUPLICATE_METHOD_MATCH = YES;
				COPY_PHASE_STRIP = NO;
				DEBUG_INFORMATION_FORMAT = "dwarf-with-dsym";
				ENABLE_NS_ASSERTIONS = NO;
				ENABLE_STRICT_OBJC_MSGSEND = YES;
				GCC_C_LANGUAGE_STANDARD = gnu11;
				GCC_NO_COMMON_BLOCKS = YES;
				GCC_WARN_64_TO_32_BIT_CONVERSION = YES;
				GCC_WARN_ABOUT_RETURN_TYPE = YES_ERROR;
				GCC_WARN_UNDECLARED_SELECTOR = YES;
				GCC_WARN_UNINITIALIZED_AUTOS = YES_AGGRESSIVE;
				GCC_WARN_UNUSED_FUNCTION = YES;
				GCC_WARN_UNUSED_VARIABLE = YES;
				IPHONEOS_DEPLOYMENT_TARGET = 14.3;
				MTL_ENABLE_DEBUG_INFO = NO;
				MTL_FAST_MATH = YES;
				SDKROOT = iphoneos;
				SWIFT_COMPILATION_MODE = wholemodule;
				SWIFT_OPTIMIZATION_LEVEL = "-O";
				VALIDATE_PRODUCT = YES;
			};
			name = Release;
		};
		4264EE3525C423B300FA7300 /* Debug */ = {
			isa = XCBuildConfiguration;
			baseConfigurationReference = 9A85B21310E7C55DE6A48F06 /* Pods-SampleApplication.debug.xcconfig */;
			buildSettings = {
				ASSETCATALOG_COMPILER_APPICON_NAME = AppIcon;
				ASSETCATALOG_COMPILER_GLOBAL_ACCENT_COLOR_NAME = AccentColor;
				CODE_SIGN_STYLE = Automatic;
				DEVELOPMENT_TEAM = PC6UZ43XDV;
				INFOPLIST_FILE = SampleApplication/Info.plist;
				IPHONEOS_DEPLOYMENT_TARGET = 14.0;
				LD_RUNPATH_SEARCH_PATHS = (
					"$(inherited)",
					"@executable_path/Frameworks",
				);
				PRODUCT_BUNDLE_IDENTIFIER = com.incus.TrainApp.SampleApplication;
				PRODUCT_NAME = "$(TARGET_NAME)";
				SWIFT_VERSION = 5.0;
				TARGETED_DEVICE_FAMILY = 1;
			};
			name = Debug;
		};
		4264EE3625C423B300FA7300 /* Release */ = {
			isa = XCBuildConfiguration;
			baseConfigurationReference = FB3AF319ACB802E09CD1BC4D /* Pods-SampleApplication.release.xcconfig */;
			buildSettings = {
				ASSETCATALOG_COMPILER_APPICON_NAME = AppIcon;
				ASSETCATALOG_COMPILER_GLOBAL_ACCENT_COLOR_NAME = AccentColor;
				CODE_SIGN_STYLE = Automatic;
				DEVELOPMENT_TEAM = PC6UZ43XDV;
				INFOPLIST_FILE = SampleApplication/Info.plist;
				IPHONEOS_DEPLOYMENT_TARGET = 14.0;
				LD_RUNPATH_SEARCH_PATHS = (
					"$(inherited)",
					"@executable_path/Frameworks",
				);
				PRODUCT_BUNDLE_IDENTIFIER = com.incus.TrainApp.SampleApplication;
				PRODUCT_NAME = "$(TARGET_NAME)";
				SWIFT_VERSION = 5.0;
				TARGETED_DEVICE_FAMILY = 1;
			};
			name = Release;
		};
/* End XCBuildConfiguration section */

/* Begin XCConfigurationList section */
		4264EE1B25C423A700FA7300 /* Build configuration list for PBXProject "SampleApplication" */ = {
			isa = XCConfigurationList;
			buildConfigurations = (
				4264EE3225C423B300FA7300 /* Debug */,
				4264EE3325C423B300FA7300 /* Release */,
			);
			defaultConfigurationIsVisible = 0;
			defaultConfigurationName = Release;
		};
		4264EE3425C423B300FA7300 /* Build configuration list for PBXNativeTarget "SampleApplication" */ = {
			isa = XCConfigurationList;
			buildConfigurations = (
				4264EE3525C423B300FA7300 /* Debug */,
				4264EE3625C423B300FA7300 /* Release */,
			);
			defaultConfigurationIsVisible = 0;
			defaultConfigurationName = Release;
		};
/* End XCConfigurationList section */
	};
	rootObject = 4264EE1825C423A700FA7300 /* Project object */;
}
